
Microsoft Visual Studio Solution File, Format Version 12.00
# Visual Studio Version 17
VisualStudioVersion = 17.0.31919.166
MinimumVisualStudioVersion = 10.0.40219.1
Project("{FAE04EC0-301F-11D3-BF4B-00C04F79EFBC}") = "InternetPhotoAlbum.MVC", "InternetPhotoAlbum.MVC\InternetPhotoAlbum.MVC.csproj", "{DAF0CB93-9800-4B63-8F47-65995F2FCD1C}"
EndProject
Project("{FAE04EC0-301F-11D3-BF4B-00C04F79EFBC}") = "InternetPhotoAlbum.DAL", "InternetPhotoAlbum.DAL\InternetPhotoAlbum.DAL.csproj", "{31FC79AF-993A-4C9B-875B-4178B7C9010C}"
EndProject
Project("{FAE04EC0-301F-11D3-BF4B-00C04F79EFBC}") = "InternetPhotoAlbum.BLL", "InternetPhotoAlbum.BLL\InternetPhotoAlbum.BLL.csproj", "{FFFB83BC-7359-4D10-8DDD-E07682D65E53}"
EndProject
Global
	GlobalSection(SolutionConfigurationPlatforms) = preSolution
		Debug|Any CPU = Debug|Any CPU
		Release|Any CPU = Release|Any CPU
	EndGlobalSection
	GlobalSection(ProjectConfigurationPlatforms) = postSolution
		{DAF0CB93-9800-4B63-8F47-65995F2FCD1C}.Debug|Any CPU.ActiveCfg = Debug|Any CPU
		{DAF0CB93-9800-4B63-8F47-65995F2FCD1C}.Debug|Any CPU.Build.0 = Debug|Any CPU
		{DAF0CB93-9800-4B63-8F47-65995F2FCD1C}.Release|Any CPU.ActiveCfg = Release|Any CPU
		{DAF0CB93-9800-4B63-8F47-65995F2FCD1C}.Release|Any CPU.Build.0 = Release|Any CPU
		{31FC79AF-993A-4C9B-875B-4178B7C9010C}.Debug|Any CPU.ActiveCfg = Debug|Any CPU
		{31FC79AF-993A-4C9B-875B-4178B7C9010C}.Debug|Any CPU.Build.0 = Debug|Any CPU
		{31FC79AF-993A-4C9B-875B-4178B7C9010C}.Release|Any CPU.ActiveCfg = Release|Any CPU
		{31FC79AF-993A-4C9B-875B-4178B7C9010C}.Release|Any CPU.Build.0 = Release|Any CPU
		{FFFB83BC-7359-4D10-8DDD-E07682D65E53}.Debug|Any CPU.ActiveCfg = Debug|Any CPU
		{FFFB83BC-7359-4D10-8DDD-E07682D65E53}.Debug|Any CPU.Build.0 = Debug|Any CPU
		{FFFB83BC-7359-4D10-8DDD-E07682D65E53}.Release|Any CPU.ActiveCfg = Release|Any CPU
		{FFFB83BC-7359-4D10-8DDD-E07682D65E53}.Release|Any CPU.Build.0 = Release|Any CPU
	EndGlobalSection
	GlobalSection(SolutionProperties) = preSolution
		HideSolutionNode = FALSE
	EndGlobalSection
	GlobalSection(ExtensibilityGlobals) = postSolution
		SolutionGuid = {B1452CF6-38E9-4E15-BECA-23A3654563F2}
	EndGlobalSection
EndGlobal
